// !$*UTF8*$!
{
	archiveVersion = 1;
	classes = {
	};
	objectVersion = 46;
	objects = {

/* Begin PBXBuildFile section */
		9AD8D9731A92DED000B3A5FB /* AppDelegate.swift in Sources */ = {isa = PBXBuildFile; fileRef = 9AD8D9721A92DED000B3A5FB /* AppDelegate.swift */; };
		9AD8D9751A92DED000B3A5FB /* ViewController.swift in Sources */ = {isa = PBXBuildFile; fileRef = 9AD8D9741A92DED000B3A5FB /* ViewController.swift */; };
		9AD8D9781A92DED000B3A5FB /* Main.storyboard in Resources */ = {isa = PBXBuildFile; fileRef = 9AD8D9761A92DED000B3A5FB /* Main.storyboard */; };
		9AD8D97A1A92DED000B3A5FB /* Images.xcassets in Resources */ = {isa = PBXBuildFile; fileRef = 9AD8D9791A92DED000B3A5FB /* Images.xcassets */; };
		9AD8D97D1A92DED000B3A5FB /* LaunchScreen.xib in Resources */ = {isa = PBXBuildFile; fileRef = 9AD8D97B1A92DED000B3A5FB /* LaunchScreen.xib */; };
		9AD8D9891A92DED000B3A5FB /* swift__twitterclient_appTests.swift in Sources */ = {isa = PBXBuildFile; fileRef = 9AD8D9881A92DED000B3A5FB /* swift__twitterclient_appTests.swift */; };
/* End PBXBuildFile section */

/* Begin PBXContainerItemProxy section */
		9AD8D9831A92DED000B3A5FB /* PBXContainerItemProxy */ = {
			isa = PBXContainerItemProxy;
			containerPortal = 9AD8D9651A92DED000B3A5FB /* Project object */;
			proxyType = 1;
			remoteGlobalIDString = 9AD8D96C1A92DED000B3A5FB;
			remoteInfo = "swiftでtwitterclient app";
		};
/* End PBXContainerItemProxy section */

/* Begin PBXFileReference section */
		9AD8D96D1A92DED000B3A5FB /* swiftでtwitterclient app.app */ = {isa = PBXFileReference; explicitFileType = wrapper.application; includeInIndex = 0; path = "swiftでtwitterclient app.app"; sourceTree = BUILT_PRODUCTS_DIR; };
		9AD8D9711A92DED000B3A5FB /* Info.plist */ = {isa = PBXFileReference; lastKnownFileType = text.plist.xml; path = Info.plist; sourceTree = "<group>"; };
		9AD8D9721A92DED000B3A5FB /* AppDelegate.swift */ = {isa = PBXFileReference; lastKnownFileType = sourcecode.swift; path = AppDelegate.swift; sourceTree = "<group>"; };
		9AD8D9741A92DED000B3A5FB /* ViewController.swift */ = {isa = PBXFileReference; lastKnownFileType = sourcecode.swift; path = ViewController.swift; sourceTree = "<group>"; };
		9AD8D9771A92DED000B3A5FB /* Base */ = {isa = PBXFileReference; lastKnownFileType = file.storyboard; name = Base; path = Base.lproj/Main.storyboard; sourceTree = "<group>"; };
		9AD8D9791A92DED000B3A5FB /* Images.xcassets */ = {isa = PBXFileReference; lastKnownFileType = folder.assetcatalog; path = Images.xcassets; sourceTree = "<group>"; };
		9AD8D97C1A92DED000B3A5FB /* Base */ = {isa = PBXFileReference; lastKnownFileType = file.xib; name = Base; path = Base.lproj/LaunchScreen.xib; sourceTree = "<group>"; };
		9AD8D9821A92DED000B3A5FB /* swiftでtwitterclient appTests.xctest */ = {isa = PBXFileReference; explicitFileType = wrapper.cfbundle; includeInIndex = 0; path = "swiftでtwitterclient appTests.xctest"; sourceTree = BUILT_PRODUCTS_DIR; };
		9AD8D9871A92DED000B3A5FB /* Info.plist */ = {isa = PBXFileReference; lastKnownFileType = text.plist.xml; path = Info.plist; sourceTree = "<group>"; };
		9AD8D9881A92DED000B3A5FB /* swift__twitterclient_appTests.swift */ = {isa = PBXFileReference; lastKnownFileType = sourcecode.swift; path = swift__twitterclient_appTests.swift; sourceTree = "<group>"; };
/* End PBXFileReference section */

/* Begin PBXFrameworksBuildPhase section */
		9AD8D96A1A92DED000B3A5FB /* Frameworks */ = {
			isa = PBXFrameworksBuildPhase;
			buildActionMask = 2147483647;
			files = (
			);
			runOnlyForDeploymentPostprocessing = 0;
		};
		9AD8D97F1A92DED000B3A5FB /* Frameworks */ = {
			isa = PBXFrameworksBuildPhase;
			buildActionMask = 2147483647;
			files = (
			);
			runOnlyForDeploymentPostprocessing = 0;
		};
/* End PBXFrameworksBuildPhase section */

/* Begin PBXGroup section */
		9AD8D9641A92DED000B3A5FB = {
			isa = PBXGroup;
			children = (
				9AD8D96F1A92DED000B3A5FB /* swiftでtwitterclient app */,
				9AD8D9851A92DED000B3A5FB /* swiftでtwitterclient appTests */,
				9AD8D96E1A92DED000B3A5FB /* Products */,
			);
			sourceTree = "<group>";
		};
		9AD8D96E1A92DED000B3A5FB /* Products */ = {
			isa = PBXGroup;
			children = (
				9AD8D96D1A92DED000B3A5FB /* swiftでtwitterclient app.app */,
				9AD8D9821A92DED000B3A5FB /* swiftでtwitterclient appTests.xctest */,
			);
			name = Products;
			sourceTree = "<group>";
		};
		9AD8D96F1A92DED000B3A5FB /* swiftでtwitterclient app */ = {
			isa = PBXGroup;
			children = (
				9AD8D9721A92DED000B3A5FB /* AppDelegate.swift */,
				9AD8D9741A92DED000B3A5FB /* ViewController.swift */,
				9AD8D9761A92DED000B3A5FB /* Main.storyboard */,
				9AD8D9791A92DED000B3A5FB /* Images.xcassets */,
				9AD8D97B1A92DED000B3A5FB /* LaunchScreen.xib */,
				9AD8D9701A92DED000B3A5FB /* Supporting Files */,
			);
			path = "swiftでtwitterclient app";
			sourceTree = "<group>";
		};
		9AD8D9701A92DED000B3A5FB /* Supporting Files */ = {
			isa = PBXGroup;
			children = (
				9AD8D9711A92DED000B3A5FB /* Info.plist */,
			);
			name = "Supporting Files";
			sourceTree = "<group>";
		};
		9AD8D9851A92DED000B3A5FB /* swiftでtwitterclient appTests */ = {
			isa = PBXGroup;
			children = (
				9AD8D9881A92DED000B3A5FB /* swift__twitterclient_appTests.swift */,
				9AD8D9861A92DED000B3A5FB /* Supporting Files */,
			);
			path = "swiftでtwitterclient appTests";
			sourceTree = "<group>";
		};
		9AD8D9861A92DED000B3A5FB /* Supporting Files */ = {
			isa = PBXGroup;
			children = (
				9AD8D9871A92DED000B3A5FB /* Info.plist */,
			);
			name = "Supporting Files";
			sourceTree = "<group>";
		};
/* End PBXGroup section */

/* Begin PBXNativeTarget section */
		9AD8D96C1A92DED000B3A5FB /* swiftでtwitterclient app */ = {
			isa = PBXNativeTarget;
			buildConfigurationList = 9AD8D98C1A92DED000B3A5FB /* Build configuration list for PBXNativeTarget "swiftでtwitterclient app" */;
			buildPhases = (
				9AD8D9691A92DED000B3A5FB /* Sources */,
				9AD8D96A1A92DED000B3A5FB /* Frameworks */,
				9AD8D96B1A92DED000B3A5FB /* Resources */,
			);
			buildRules = (
			);
			dependencies = (
			);
			name = "swiftでtwitterclient app";
			productName = "swiftでtwitterclient app";
			productReference = 9AD8D96D1A92DED000B3A5FB /* swiftでtwitterclient app.app */;
			productType = "com.apple.product-type.application";
		};
		9AD8D9811A92DED000B3A5FB /* swiftでtwitterclient appTests */ = {
			isa = PBXNativeTarget;
			buildConfigurationList = 9AD8D98F1A92DED000B3A5FB /* Build configuration list for PBXNativeTarget "swiftでtwitterclient appTests" */;
			buildPhases = (
				9AD8D97E1A92DED000B3A5FB /* Sources */,
				9AD8D97F1A92DED000B3A5FB /* Frameworks */,
				9AD8D9801A92DED000B3A5FB /* Resources */,
			);
			buildRules = (
			);
			dependencies = (
				9AD8D9841A92DED000B3A5FB /* PBXTargetDependency */,
			);
			name = "swiftでtwitterclient appTests";
			productName = "swiftでtwitterclient appTests";
			productReference = 9AD8D9821A92DED000B3A5FB /* swiftでtwitterclient appTests.xctest */;
			productType = "com.apple.product-type.bundle.unit-test";
		};
/* End PBXNativeTarget section */

/* Begin PBXProject section */
		9AD8D9651A92DED000B3A5FB /* Project object */ = {
			isa = PBXProject;
			attributes = {
				LastUpgradeCheck = 0610;
				ORGANIZATIONNAME = "takuma arimura";
				TargetAttributes = {
					9AD8D96C1A92DED000B3A5FB = {
						CreatedOnToolsVersion = 6.1.1;
					};
					9AD8D9811A92DED000B3A5FB = {
						CreatedOnToolsVersion = 6.1.1;
						TestTargetID = 9AD8D96C1A92DED000B3A5FB;
					};
				};
			};
			buildConfigurationList = 9AD8D9681A92DED000B3A5FB /* Build configuration list for PBXProject "swiftでtwitterclient app" */;
			compatibilityVersion = "Xcode 3.2";
			developmentRegion = English;
			hasScannedForEncodings = 0;
			knownRegions = (
				en,
				Base,
			);
			mainGroup = 9AD8D9641A92DED000B3A5FB;
			productRefGroup = 9AD8D96E1A92DED000B3A5FB /* Products */;
			projectDirPath = "";
			projectRoot = "";
			targets = (
				9AD8D96C1A92DED000B3A5FB /* swiftでtwitterclient app */,
				9AD8D9811A92DED000B3A5FB /* swiftでtwitterclient appTests */,
			);
		};
/* End PBXProject section */

/* Begin PBXResourcesBuildPhase section */
		9AD8D96B1A92DED000B3A5FB /* Resources */ = {
			isa = PBXResourcesBuildPhase;
			buildActionMask = 2147483647;
			files = (
				9AD8D9781A92DED000B3A5FB /* Main.storyboard in Resources */,
				9AD8D97D1A92DED000B3A5FB /* LaunchScreen.xib in Resources */,
				9AD8D97A1A92DED000B3A5FB /* Images.xcassets in Resources */,
			);
			runOnlyForDeploymentPostprocessing = 0;
		};
		9AD8D9801A92DED000B3A5FB /* Resources */ = {
			isa = PBXResourcesBuildPhase;
			buildActionMask = 2147483647;
			files = (
			);
			runOnlyForDeploymentPostprocessing = 0;
		};
/* End PBXResourcesBuildPhase section */

/* Begin PBXSourcesBuildPhase section */
		9AD8D9691A92DED000B3A5FB /* Sources */ = {
			isa = PBXSourcesBuildPhase;
			buildActionMask = 2147483647;
			files = (
				9AD8D9751A92DED000B3A5FB /* ViewController.swift in Sources */,
				9AD8D9731A92DED000B3A5FB /* AppDelegate.swift in Sources */,
			);
			runOnlyForDeploymentPostprocessing = 0;
		};
		9AD8D97E1A92DED000B3A5FB /* Sources */ = {
			isa = PBXSourcesBuildPhase;
			buildActionMask = 2147483647;
			files = (
				9AD8D9891A92DED000B3A5FB /* swift__twitterclient_appTests.swift in Sources */,
			);
			runOnlyForDeploymentPostprocessing = 0;
		};
/* End PBXSourcesBuildPhase section */

/* Begin PBXTargetDependency section */
		9AD8D9841A92DED000B3A5FB /* PBXTargetDependency */ = {
			isa = PBXTargetDependency;
			target = 9AD8D96C1A92DED000B3A5FB /* swiftでtwitterclient app */;
			targetProxy = 9AD8D9831A92DED000B3A5FB /* PBXContainerItemProxy */;
		};
/* End PBXTargetDependency section */

/* Begin PBXVariantGroup section */
		9AD8D9761A92DED000B3A5FB /* Main.storyboard */ = {
			isa = PBXVariantGroup;
			children = (
				9AD8D9771A92DED000B3A5FB /* Base */,
			);
			name = Main.storyboard;
			sourceTree = "<group>";
		};
		9AD8D97B1A92DED000B3A5FB /* LaunchScreen.xib */ = {
			isa = PBXVariantGroup;
			children = (
				9AD8D97C1A92DED000B3A5FB /* Base */,
			);
			name = LaunchScreen.xib;
			sourceTree = "<group>";
		};
/* End PBXVariantGroup section */

/* Begin XCBuildConfiguration section */
		9AD8D98A1A92DED000B3A5FB /* Debug */ = {
			isa = XCBuildConfiguration;
			buildSettings = {
				ALWAYS_SEARCH_USER_PATHS = NO;
				CLANG_CXX_LANGUAGE_STANDARD = "gnu++0x";
				CLANG_CXX_LIBRARY = "libc++";
				CLANG_ENABLE_MODULES = YES;
				CLANG_ENABLE_OBJC_ARC = YES;
				CLANG_WARN_BOOL_CONVERSION = YES;
				CLANG_WARN_CONSTANT_CONVERSION = YES;
				CLANG_WARN_DIRECT_OBJC_ISA_USAGE = YES_ERROR;
				CLANG_WARN_EMPTY_BODY = YES;
				CLANG_WARN_ENUM_CONVERSION = YES;
				CLANG_WARN_INT_CONVERSION = YES;
				CLANG_WARN_OBJC_ROOT_CLASS = YES_ERROR;
				CLANG_WARN_UNREACHABLE_CODE = YES;
				CLANG_WARN__DUPLICATE_METHOD_MATCH = YES;
				"CODE_SIGN_IDENTITY[sdk=iphoneos*]" = "iPhone Developer";
				COPY_PHASE_STRIP = NO;
				ENABLE_STRICT_OBJC_MSGSEND = YES;
				GCC_C_LANGUAGE_STANDARD = gnu99;
				GCC_DYNAMIC_NO_PIC = NO;
				GCC_OPTIMIZATION_LEVEL = 0;
				GCC_PREPROCESSOR_DEFINITIONS = (
					"DEBUG=1",
					"$(inherited)",
				);
				GCC_SYMBOLS_PRIVATE_EXTERN = NO;
				GCC_WARN_64_TO_32_BIT_CONVERSION = YES;
				GCC_WARN_ABOUT_RETURN_TYPE = YES_ERROR;
				GCC_WARN_UNDECLARED_SELECTOR = YES;
				GCC_WARN_UNINITIALIZED_AUTOS = YES_AGGRESSIVE;
				GCC_WARN_UNUSED_FUNCTION = YES;
				GCC_WARN_UNUSED_VARIABLE = YES;
				IPHONEOS_DEPLOYMENT_TARGET = 8.1;
				MTL_ENABLE_DEBUG_INFO = YES;
				ONLY_ACTIVE_ARCH = YES;
				SDKROOT = iphoneos;
				SWIFT_OPTIMIZATION_LEVEL = "-Onone";
			};
			name = Debug;
		};
		9AD8D98B1A92DED000B3A5FB /* Release */ = {
			isa = XCBuildConfiguration;
			buildSettings = {
				ALWAYS_SEARCH_USER_PATHS = NO;
				CLANG_CXX_LANGUAGE_STANDARD = "gnu++0x";
				CLANG_CXX_LIBRARY = "libc++";
				CLANG_ENABLE_MODULES = YES;
				CLANG_ENABLE_OBJC_ARC = YES;
				CLANG_WARN_BOOL_CONVERSION = YES;
				CLANG_WARN_CONSTANT_CONVERSION = YES;
				CLANG_WARN_DIRECT_OBJC_ISA_USAGE = YES_ERROR;
				CLANG_WARN_EMPTY_BODY = YES;
				CLANG_WARN_ENUM_CONVERSION = YES;
				CLANG_WARN_INT_CONVERSION = YES;
				CLANG_WARN_OBJC_ROOT_CLASS = YES_ERROR;
				CLANG_WARN_UNREACHABLE_CODE = YES;
				CLANG_WARN__DUPLICATE_METHOD_MATCH = YES;
				"CODE_SIGN_IDENTITY[sdk=iphoneos*]" = "iPhone Developer";
				COPY_PHASE_STRIP = YES;
				ENABLE_NS_ASSERTIONS = NO;
				ENABLE_STRICT_OBJC_MSGSEND = YES;
				GCC_C_LANGUAGE_STANDARD = gnu99;
				GCC_WARN_64_TO_32_BIT_CONVERSION = YES;
				GCC_WARN_ABOUT_RETURN_TYPE = YES_ERROR;
				GCC_WARN_UNDECLARED_SELECTOR = YES;
				GCC_WARN_UNINITIALIZED_AUTOS = YES_AGGRESSIVE;
				GCC_WARN_UNUSED_FUNCTION = YES;
				GCC_WARN_UNUSED_VARIABLE = YES;
				IPHONEOS_DEPLOYMENT_TARGET = 8.1;
				MTL_ENABLE_DEBUG_INFO = NO;
				SDKROOT = iphoneos;
				VALIDATE_PRODUCT = YES;
			};
			name = Release;
		};
		9AD8D98D1A92DED000B3A5FB /* Debug */ = {
			isa = XCBuildConfiguration;
			buildSettings = {
				ASSETCATALOG_COMPILER_APPICON_NAME = AppIcon;
				INFOPLIST_FILE = "swiftでtwitterclient app/Info.plist";
				LD_RUNPATH_SEARCH_PATHS = "$(inherited) @executable_path/Frameworks";
				PRODUCT_NAME = "$(TARGET_NAME)";
			};
			name = Debug;
		};
		9AD8D98E1A92DED000B3A5FB /* Release */ = {
			isa = XCBuildConfiguration;
			buildSettings = {
				ASSETCATALOG_COMPILER_APPICON_NAME = AppIcon;
				INFOPLIST_FILE = "swiftでtwitterclient app/Info.plist";
				LD_RUNPATH_SEARCH_PATHS = "$(inherited) @executable_path/Frameworks";
				PRODUCT_NAME = "$(TARGET_NAME)";
			};
			name = Release;
		};
		9AD8D9901A92DED000B3A5FB /* Debug */ = {
			isa = XCBuildConfiguration;
			buildSettings = {
				BUNDLE_LOADER = "$(TEST_HOST)";
				FRAMEWORK_SEARCH_PATHS = (
					"$(SDKROOT)/Developer/Library/Frameworks",
					"$(inherited)",
				);
				GCC_PREPROCESSOR_DEFINITIONS = (
					"DEBUG=1",
					"$(inherited)",
				);
				INFOPLIST_FILE = "swiftでtwitterclient appTests/Info.plist";
				LD_RUNPATH_SEARCH_PATHS = "$(inherited) @executable_path/Frameworks @loader_path/Frameworks";
				PRODUCT_NAME = "$(TARGET_NAME)";
				TEST_HOST = "$(BUILT_PRODUCTS_DIR)/swiftでtwitterclient app.app/swiftでtwitterclient app";
			};
			name = Debug;
		};
		9AD8D9911A92DED000B3A5FB /* Release */ = {
			isa = XCBuildConfiguration;
			buildSettings = {
				BUNDLE_LOADER = "$(TEST_HOST)";
				FRAMEWORK_SEARCH_PATHS = (
					"$(SDKROOT)/Developer/Library/Frameworks",
					"$(inherited)",
				);
				INFOPLIST_FILE = "swiftでtwitterclient appTests/Info.plist";
				LD_RUNPATH_SEARCH_PATHS = "$(inherited) @executable_path/Frameworks @loader_path/Frameworks";
				PRODUCT_NAME = "$(TARGET_NAME)";
				TEST_HOST = "$(BUILT_PRODUCTS_DIR)/swiftでtwitterclient app.app/swiftでtwitterclient app";
			};
			name = Release;
		};
/* End XCBuildConfiguration section */

/* Begin XCConfigurationList section */
		9AD8D9681A92DED000B3A5FB /* Build configuration list for PBXProject "swiftでtwitterclient app" */ = {
			isa = XCConfigurationList;
			buildConfigurations = (
				9AD8D98A1A92DED000B3A5FB /* Debug */,
				9AD8D98B1A92DED000B3A5FB /* Release */,
			);
			defaultConfigurationIsVisible = 0;
			defaultConfigurationName = Release;
		};
		9AD8D98C1A92DED000B3A5FB /* Build configuration list for PBXNativeTarget "swiftでtwitterclient app" */ = {
			isa = XCConfigurationList;
			buildConfigurations = (
				9AD8D98D1A92DED000B3A5FB /* Debug */,
				9AD8D98E1A92DED000B3A5FB /* Release */,
			);
			defaultConfigurationIsVisible = 0;
		};
		9AD8D98F1A92DED000B3A5FB /* Build configuration list for PBXNativeTarget "swiftでtwitterclient appTests" */ = {
			isa = XCConfigurationList;
			buildConfigurations = (
				9AD8D9901A92DED000B3A5FB /* Debug */,
				9AD8D9911A92DED000B3A5FB /* Release */,
			);
			defaultConfigurationIsVisible = 0;
		};
/* End XCConfigurationList section */
	};
	rootObject = 9AD8D9651A92DED000B3A5FB /* Project object */;
}
